// !$*UTF8*$!
{
	archiveVersion = 1;
	classes = {
	};
	objectVersion = 56;
	objects = {

/* Begin PBXBuildFile section */
		001 /* ServiceBookingApp.swift in Sources */ = {isa = PBXBuildFile; fileRef = 101 /* ServiceBookingApp.swift */; };
		002 /* ContentView.swift in Sources */ = {isa = PBXBuildFile; fileRef = 102 /* ContentView.swift */; };
		003 /* Service.swift in Sources */ = {isa = PBXBuildFile; fileRef = 103 /* Service.swift */; };
		004 /* Booking.swift in Sources */ = {isa = PBXBuildFile; fileRef = 104 /* Booking.swift */; };
		005 /* User.swift in Sources */ = {isa = PBXBuildFile; fileRef = 105 /* User.swift */; };
		033 /* Car.swift in Sources */ = {isa = PBXBuildFile; fileRef = 149 /* Car.swift */; };
		006 /* APIService.swift in Sources */ = {isa = PBXBuildFile; fileRef = 106 /* APIService.swift */; };
		007 /* NetworkMonitor.swift in Sources */ = {isa = PBXBuildFile; fileRef = 107 /* NetworkMonitor.swift */; };
		008 /* ServicesViewModel.swift in Sources */ = {isa = PBXBuildFile; fileRef = 108 /* ServicesViewModel.swift */; };
		009 /* BookingsViewModel.swift in Sources */ = {isa = PBXBuildFile; fileRef = 109 /* BookingsViewModel.swift */; };
		010 /* ProfileViewModel.swift in Sources */ = {isa = PBXBuildFile; fileRef = 110 /* ProfileViewModel.swift */; };
		011 /* HomeView.swift in Sources */ = {isa = PBXBuildFile; fileRef = 111 /* HomeView.swift */; };
		012 /* ServiceDetailView.swift in Sources */ = {isa = PBXBuildFile; fileRef = 112 /* ServiceDetailView.swift */; };
		013 /* BookingCreationView.swift in Sources */ = {isa = PBXBuildFile; fileRef = 113 /* BookingCreationView.swift */; };
		014 /* BookingsView.swift in Sources */ = {isa = PBXBuildFile; fileRef = 114 /* BookingsView.swift */; };
		015 /* ProfileView.swift in Sources */ = {isa = PBXBuildFile; fileRef = 115 /* ProfileView.swift */; };
		016 /* Assets.xcassets in Resources */ = {isa = PBXBuildFile; fileRef = 116 /* Assets.xcassets */; };
		017 /* NetworkStatusView.swift in Sources */ = {isa = PBXBuildFile; fileRef = 117 /* NetworkStatusView.swift */; };
		018 /* AccessibilityModifiers.swift in Sources */ = {isa = PBXBuildFile; fileRef = 118 /* AccessibilityModifiers.swift */; };
		019 /* LaunchScreen.storyboard in Resources */ = {isa = PBXBuildFile; fileRef = 119 /* LaunchScreen.storyboard */; };
		020 /* Localizable.xcstrings in Resources */ = {isa = PBXBuildFile; fileRef = 120 /* Localizable.xcstrings */; };
		021 /* PrivacyInfo.xcprivacy in Resources */ = {isa = PBXBuildFile; fileRef = 121 /* PrivacyInfo.xcprivacy */; };
		022 /* SplashView.swift in Sources */ = {isa = PBXBuildFile; fileRef = 123 /* SplashView.swift */; };
		023 /* AppTheme.swift in Sources */ = {isa = PBXBuildFile; fileRef = 124 /* AppTheme.swift */; };
		024 /* ConsoleConfig.swift in Sources */ = {isa = PBXBuildFile; fileRef = 125 /* ConsoleConfig.swift */; };
		025 /* QRCodeParser.swift in Sources */ = {isa = PBXBuildFile; fileRef = 126 /* QRCodeParser.swift */; };
		026 /* QRScannerView.swift in Sources */ = {isa = PBXBuildFile; fileRef = 127 /* QRScannerView.swift */; };
		027 /* QRScanOnboardingView.swift in Sources */ = {isa = PBXBuildFile; fileRef = 128 /* QRScanOnboardingView.swift */; };
		029 /* AppRouter.swift in Sources */ = {isa = PBXBuildFile; fileRef = 130 /* AppRouter.swift */; };
		030 /* ClientRegistry.swift in Sources */ = {isa = PBXBuildFile; fileRef = 131 /* ClientRegistry.swift */; };
		031 /* KeychainStorage.swift in Sources */ = {isa = PBXBuildFile; fileRef = 132 /* KeychainStorage.swift */; };
		032 /* Post.swift in Sources */ = {isa = PBXBuildFile; fileRef = 133 /* Post.swift */; };
		034 /* ServiceChatMessage.swift in Sources */ = {isa = PBXBuildFile; fileRef = 134 /* ServiceChatMessage.swift */; };
		035 /* ServiceChatView.swift in Sources */ = {isa = PBXBuildFile; fileRef = 135 /* ServiceChatView.swift */; };
		036 /* ProfileSettings.swift in Sources */ = {isa = PBXBuildFile; fileRef = 136 /* ProfileSettings.swift */; };
		037 /* HelpFAQView.swift in Sources */ = {isa = PBXBuildFile; fileRef = 137 /* HelpFAQView.swift */; };
		038 /* PrivacyPolicyView.swift in Sources */ = {isa = PBXBuildFile; fileRef = 138 /* PrivacyPolicyView.swift */; };
		039 /* TermsOfUseView.swift in Sources */ = {isa = PBXBuildFile; fileRef = 139 /* TermsOfUseView.swift */; };
		040 /* MyContactsView.swift in Sources */ = {isa = PBXBuildFile; fileRef = 140 /* MyContactsView.swift */; };
		041 /* LoyaltySystemView.swift in Sources */ = {isa = PBXBuildFile; fileRef = 141 /* LoyaltySystemView.swift */; };
		042 /* ServiceExecutionView.swift in Sources */ = {isa = PBXBuildFile; fileRef = 142 /* ServiceExecutionView.swift */; };
		043 /* ServiceExecutionActivity.swift in Sources */ = {isa = PBXBuildFile; fileRef = 143 /* ServiceExecutionActivity.swift */; };
		044 /* ServiceExecutionLiveActivityView.swift in Sources */ = {isa = PBXBuildFile; fileRef = 144 /* ServiceExecutionLiveActivityView.swift */; };
		045 /* MessagesViewModel.swift in Sources */ = {isa = PBXBuildFile; fileRef = 145 /* MessagesViewModel.swift */; };
		046 /* AppStyle.swift in Sources */ = {isa = PBXBuildFile; fileRef = 146 /* AppStyle.swift */; };
		047 /* AppStyleManager.swift in Sources */ = {isa = PBXBuildFile; fileRef = 147 /* AppStyleManager.swift */; };
		048 /* ThemeSettingsView.swift in Sources */ = {isa = PBXBuildFile; fileRef = 148 /* ThemeSettingsView.swift */; };
		049 /* ActPDFView.swift in Sources */ = {isa = PBXBuildFile; fileRef = 150 /* ActPDFView.swift */; };
		050 /* NewsItem.swift in Sources */ = {isa = PBXBuildFile; fileRef = 151 /* NewsItem.swift */; };
		051 /* NewsViewModel.swift in Sources */ = {isa = PBXBuildFile; fileRef = 152 /* NewsViewModel.swift */; };
		052 /* NewsView.swift in Sources */ = {isa = PBXBuildFile; fileRef = 153 /* NewsView.swift */; };
		053 /* CompanyInfo.swift in Sources */ = {isa = PBXBuildFile; fileRef = 154 /* CompanyInfo.swift */; };
		054 /* CompanyView.swift in Sources */ = {isa = PBXBuildFile; fileRef = 155 /* CompanyView.swift */; };
		055 /* LegalInfoView.swift in Sources */ = {isa = PBXBuildFile; fileRef = 156 /* LegalInfoView.swift */; };
		056 /* PhoneRequiredView.swift in Sources */ = {isa = PBXBuildFile; fileRef = 157 /* PhoneRequiredView.swift */; };
		W01 /* ServiceBookingWidgetBundle.swift in Sources */ = {isa = PBXBuildFile; fileRef = W11 /* ServiceBookingWidgetBundle.swift */; };
		W02 /* ServiceExecutionLiveActivity.swift in Sources */ = {isa = PBXBuildFile; fileRef = W12 /* ServiceExecutionLiveActivity.swift */; };
		W03 /* ServiceExecutionAttributes.swift in Sources */ = {isa = PBXBuildFile; fileRef = W13 /* ServiceExecutionAttributes.swift */; };
		W04 /* ServiceBookingWidget.appex in Embed App Extensions */ = {isa = PBXBuildFile; fileRef = W10 /* ServiceBookingWidget.appex */; settings = {ATTRIBUTES = (RemoveHeadersOnCopy, ); }; };
/* End PBXBuildFile section */

/* Begin PBXContainerItemProxy section */
		W20 /* PBXContainerItemProxy */ = {
			isa = PBXContainerItemProxy;
			containerPortal = 600 /* Project object */;
			proxyType = 1;
			remoteGlobalIDString = W30;
			remoteInfo = ServiceBookingWidget;
		};
/* End PBXContainerItemProxy section */

/* Begin PBXCopyFilesBuildPhase section */
		W21 /* Embed App Extensions */ = {
			isa = PBXCopyFilesBuildPhase;
			buildActionMask = 2147483647;
			dstPath = "";
			dstSubfolderSpec = 13;
			files = (
				W04 /* ServiceBookingWidget.appex in Embed App Extensions */,
			);
			name = "Embed App Extensions";
			runOnlyForDeploymentPostprocessing = 0;
		};
/* End PBXCopyFilesBuildPhase section */

/* Begin PBXFileReference section */
		100 /* ServiceBooking.app */ = {isa = PBXFileReference; explicitFileType = wrapper.application; includeInIndex = 0; path = ServiceBooking.app; sourceTree = BUILT_PRODUCTS_DIR; };
		101 /* ServiceBookingApp.swift */ = {isa = PBXFileReference; lastKnownFileType = sourcecode.swift; path = ServiceBookingApp.swift; sourceTree = "<group>"; };
		102 /* ContentView.swift */ = {isa = PBXFileReference; lastKnownFileType = sourcecode.swift; path = ContentView.swift; sourceTree = "<group>"; };
		103 /* Service.swift */ = {isa = PBXFileReference; lastKnownFileType = sourcecode.swift; path = Service.swift; sourceTree = "<group>"; };
		104 /* Booking.swift */ = {isa = PBXFileReference; lastKnownFileType = sourcecode.swift; path = Booking.swift; sourceTree = "<group>"; };
		105 /* User.swift */ = {isa = PBXFileReference; lastKnownFileType = sourcecode.swift; path = User.swift; sourceTree = "<group>"; };
		149 /* Car.swift */ = {isa = PBXFileReference; lastKnownFileType = sourcecode.swift; path = Car.swift; sourceTree = "<group>"; };
		106 /* APIService.swift */ = {isa = PBXFileReference; lastKnownFileType = sourcecode.swift; path = APIService.swift; sourceTree = "<group>"; };
		107 /* NetworkMonitor.swift */ = {isa = PBXFileReference; lastKnownFileType = sourcecode.swift; path = NetworkMonitor.swift; sourceTree = "<group>"; };
		108 /* ServicesViewModel.swift */ = {isa = PBXFileReference; lastKnownFileType = sourcecode.swift; path = ServicesViewModel.swift; sourceTree = "<group>"; };
		109 /* BookingsViewModel.swift */ = {isa = PBXFileReference; lastKnownFileType = sourcecode.swift; path = BookingsViewModel.swift; sourceTree = "<group>"; };
		110 /* ProfileViewModel.swift */ = {isa = PBXFileReference; lastKnownFileType = sourcecode.swift; path = ProfileViewModel.swift; sourceTree = "<group>"; };
		111 /* HomeView.swift */ = {isa = PBXFileReference; lastKnownFileType = sourcecode.swift; path = HomeView.swift; sourceTree = "<group>"; };
		112 /* ServiceDetailView.swift */ = {isa = PBXFileReference; lastKnownFileType = sourcecode.swift; path = ServiceDetailView.swift; sourceTree = "<group>"; };
		113 /* BookingCreationView.swift */ = {isa = PBXFileReference; lastKnownFileType = sourcecode.swift; path = BookingCreationView.swift; sourceTree = "<group>"; };
		114 /* BookingsView.swift */ = {isa = PBXFileReference; lastKnownFileType = sourcecode.swift; path = BookingsView.swift; sourceTree = "<group>"; };
		115 /* ProfileView.swift */ = {isa = PBXFileReference; lastKnownFileType = sourcecode.swift; path = ProfileView.swift; sourceTree = "<group>"; };
		116 /* Assets.xcassets */ = {isa = PBXFileReference; lastKnownFileType = folder.assetcatalog; path = Assets.xcassets; sourceTree = "<group>"; };
		117 /* NetworkStatusView.swift */ = {isa = PBXFileReference; lastKnownFileType = sourcecode.swift; path = NetworkStatusView.swift; sourceTree = "<group>"; };
		118 /* AccessibilityModifiers.swift */ = {isa = PBXFileReference; lastKnownFileType = sourcecode.swift; path = AccessibilityModifiers.swift; sourceTree = "<group>"; };
		119 /* LaunchScreen.storyboard */ = {isa = PBXFileReference; lastKnownFileType = file.storyboard; path = LaunchScreen.storyboard; sourceTree = "<group>"; };
		120 /* Localizable.xcstrings */ = {isa = PBXFileReference; lastKnownFileType = text.json.xcstrings; path = Localizable.xcstrings; sourceTree = "<group>"; };
		121 /* PrivacyInfo.xcprivacy */ = {isa = PBXFileReference; lastKnownFileType = text.xml; path = PrivacyInfo.xcprivacy; sourceTree = "<group>"; };
		122 /* Info.plist */ = {isa = PBXFileReference; lastKnownFileType = text.plist.xml; path = Info.plist; sourceTree = "<group>"; };
		123 /* SplashView.swift */ = {isa = PBXFileReference; lastKnownFileType = sourcecode.swift; path = SplashView.swift; sourceTree = "<group>"; };
		124 /* AppTheme.swift */ = {isa = PBXFileReference; lastKnownFileType = sourcecode.swift; path = AppTheme.swift; sourceTree = "<group>"; };
		125 /* ConsoleConfig.swift */ = {isa = PBXFileReference; lastKnownFileType = sourcecode.swift; path = ConsoleConfig.swift; sourceTree = "<group>"; };
		126 /* QRCodeParser.swift */ = {isa = PBXFileReference; lastKnownFileType = sourcecode.swift; path = QRCodeParser.swift; sourceTree = "<group>"; };
		127 /* QRScannerView.swift */ = {isa = PBXFileReference; lastKnownFileType = sourcecode.swift; path = QRScannerView.swift; sourceTree = "<group>"; };
		128 /* QRScanOnboardingView.swift */ = {isa = PBXFileReference; lastKnownFileType = sourcecode.swift; path = QRScanOnboardingView.swift; sourceTree = "<group>"; };
		130 /* AppRouter.swift */ = {isa = PBXFileReference; lastKnownFileType = sourcecode.swift; path = AppRouter.swift; sourceTree = "<group>"; };
		131 /* ClientRegistry.swift */ = {isa = PBXFileReference; lastKnownFileType = sourcecode.swift; path = ClientRegistry.swift; sourceTree = "<group>"; };
		132 /* KeychainStorage.swift */ = {isa = PBXFileReference; lastKnownFileType = sourcecode.swift; path = KeychainStorage.swift; sourceTree = "<group>"; };
		133 /* Post.swift */ = {isa = PBXFileReference; lastKnownFileType = sourcecode.swift; path = Post.swift; sourceTree = "<group>"; };
		134 /* ServiceChatMessage.swift */ = {isa = PBXFileReference; lastKnownFileType = sourcecode.swift; path = ServiceChatMessage.swift; sourceTree = "<group>"; };
		135 /* ServiceChatView.swift */ = {isa = PBXFileReference; lastKnownFileType = sourcecode.swift; path = ServiceChatView.swift; sourceTree = "<group>"; };
		136 /* ProfileSettings.swift */ = {isa = PBXFileReference; lastKnownFileType = sourcecode.swift; path = ProfileSettings.swift; sourceTree = "<group>"; };
		137 /* HelpFAQView.swift */ = {isa = PBXFileReference; lastKnownFileType = sourcecode.swift; path = HelpFAQView.swift; sourceTree = "<group>"; };
		138 /* PrivacyPolicyView.swift */ = {isa = PBXFileReference; lastKnownFileType = sourcecode.swift; path = PrivacyPolicyView.swift; sourceTree = "<group>"; };
		139 /* TermsOfUseView.swift */ = {isa = PBXFileReference; lastKnownFileType = sourcecode.swift; path = TermsOfUseView.swift; sourceTree = "<group>"; };
		140 /* MyContactsView.swift */ = {isa = PBXFileReference; lastKnownFileType = sourcecode.swift; path = MyContactsView.swift; sourceTree = "<group>"; };
		141 /* LoyaltySystemView.swift */ = {isa = PBXFileReference; lastKnownFileType = sourcecode.swift; path = LoyaltySystemView.swift; sourceTree = "<group>"; };
		142 /* ServiceExecutionView.swift */ = {isa = PBXFileReference; lastKnownFileType = sourcecode.swift; path = ServiceExecutionView.swift; sourceTree = "<group>"; };
		143 /* ServiceExecutionActivity.swift */ = {isa = PBXFileReference; lastKnownFileType = sourcecode.swift; path = ServiceExecutionActivity.swift; sourceTree = "<group>"; };
		144 /* ServiceExecutionLiveActivityView.swift */ = {isa = PBXFileReference; lastKnownFileType = sourcecode.swift; path = ServiceExecutionLiveActivityView.swift; sourceTree = "<group>"; };
		145 /* MessagesViewModel.swift */ = {isa = PBXFileReference; lastKnownFileType = sourcecode.swift; path = MessagesViewModel.swift; sourceTree = "<group>"; };
		146 /* AppStyle.swift */ = {isa = PBXFileReference; lastKnownFileType = sourcecode.swift; path = AppStyle.swift; sourceTree = "<group>"; };
		147 /* AppStyleManager.swift */ = {isa = PBXFileReference; lastKnownFileType = sourcecode.swift; path = AppStyleManager.swift; sourceTree = "<group>"; };
		148 /* ThemeSettingsView.swift */ = {isa = PBXFileReference; lastKnownFileType = sourcecode.swift; path = ThemeSettingsView.swift; sourceTree = "<group>"; };
		150 /* ActPDFView.swift */ = {isa = PBXFileReference; lastKnownFileType = sourcecode.swift; path = ActPDFView.swift; sourceTree = "<group>"; };
		151 /* NewsItem.swift */ = {isa = PBXFileReference; lastKnownFileType = sourcecode.swift; path = NewsItem.swift; sourceTree = "<group>"; };
		152 /* NewsViewModel.swift */ = {isa = PBXFileReference; lastKnownFileType = sourcecode.swift; path = NewsViewModel.swift; sourceTree = "<group>"; };
		153 /* NewsView.swift */ = {isa = PBXFileReference; lastKnownFileType = sourcecode.swift; path = NewsView.swift; sourceTree = "<group>"; };
		154 /* CompanyInfo.swift */ = {isa = PBXFileReference; lastKnownFileType = sourcecode.swift; path = CompanyInfo.swift; sourceTree = "<group>"; };
		155 /* CompanyView.swift */ = {isa = PBXFileReference; lastKnownFileType = sourcecode.swift; path = CompanyView.swift; sourceTree = "<group>"; };
		156 /* LegalInfoView.swift */ = {isa = PBXFileReference; lastKnownFileType = sourcecode.swift; path = LegalInfoView.swift; sourceTree = "<group>"; };
		157 /* PhoneRequiredView.swift */ = {isa = PBXFileReference; lastKnownFileType = sourcecode.swift; path = PhoneRequiredView.swift; sourceTree = "<group>"; };
		W10 /* ServiceBookingWidget.appex */ = {isa = PBXFileReference; explicitFileType = "wrapper.app-extension"; includeInIndex = 0; path = ServiceBookingWidget.appex; sourceTree = BUILT_PRODUCTS_DIR; };
		W11 /* ServiceBookingWidgetBundle.swift */ = {isa = PBXFileReference; lastKnownFileType = sourcecode.swift; path = ServiceBookingWidgetBundle.swift; sourceTree = "<group>"; };
		W12 /* ServiceExecutionLiveActivity.swift */ = {isa = PBXFileReference; lastKnownFileType = sourcecode.swift; path = ServiceExecutionLiveActivity.swift; sourceTree = "<group>"; };
		W13 /* ServiceExecutionAttributes.swift */ = {isa = PBXFileReference; lastKnownFileType = sourcecode.swift; path = ServiceExecutionAttributes.swift; sourceTree = "<group>"; };
		W14 /* Info.plist */ = {isa = PBXFileReference; lastKnownFileType = text.plist.xml; path = Info.plist; sourceTree = "<group>"; };
/* End PBXFileReference section */

/* Begin PBXFrameworksBuildPhase section */
		200 /* Frameworks */ = {
			isa = PBXFrameworksBuildPhase;
			buildActionMask = 2147483647;
			files = (
			);
			runOnlyForDeploymentPostprocessing = 0;
		};
		W31 /* Frameworks */ = {
			isa = PBXFrameworksBuildPhase;
			buildActionMask = 2147483647;
			files = (
			);
			runOnlyForDeploymentPostprocessing = 0;
		};
/* End PBXFrameworksBuildPhase section */

/* Begin PBXGroup section */
		300 = {
			isa = PBXGroup;
			children = (
				301 /* ServiceBooking */,
				W15 /* ServiceBookingWidget */,
				302 /* Products */,
			);
			sourceTree = "<group>";
		};
		301 /* ServiceBooking */ = {
			isa = PBXGroup;
			children = (
				122 /* Info.plist */,
				121 /* PrivacyInfo.xcprivacy */,
				101 /* ServiceBookingApp.swift */,
				102 /* ContentView.swift */,
				303 /* Models */,
				304 /* Services */,
				305 /* ViewModels */,
				306 /* Views */,
				307 /* Resources */,
			);
			path = ServiceBooking;
			sourceTree = "<group>";
		};
		302 /* Products */ = {
			isa = PBXGroup;
			children = (
				100 /* ServiceBooking.app */,
				W10 /* ServiceBookingWidget.appex */,
			);
			name = Products;
			sourceTree = "<group>";
		};
		303 /* Models */ = {
			isa = PBXGroup;
			children = (
				103 /* Service.swift */,
				104 /* Booking.swift */,
				149 /* Car.swift */,
				105 /* User.swift */,
				133 /* Post.swift */,
				134 /* ServiceChatMessage.swift */,
				136 /* ProfileSettings.swift */,
				143 /* ServiceExecutionActivity.swift */,
				146 /* AppStyle.swift */,
				151 /* NewsItem.swift */,
				154 /* CompanyInfo.swift */,
			);
			path = Models;
			sourceTree = "<group>";
		};
		304 /* Services */ = {
			isa = PBXGroup;
			children = (
				106 /* APIService.swift */,
				107 /* NetworkMonitor.swift */,
				125 /* ConsoleConfig.swift */,
				126 /* QRCodeParser.swift */,
				130 /* AppRouter.swift */,
				131 /* ClientRegistry.swift */,
				132 /* KeychainStorage.swift */,
				147 /* AppStyleManager.swift */,
			);
			path = Services;
			sourceTree = "<group>";
		};
		305 /* ViewModels */ = {
			isa = PBXGroup;
			children = (
				108 /* ServicesViewModel.swift */,
				109 /* BookingsViewModel.swift */,
				110 /* ProfileViewModel.swift */,
				145 /* MessagesViewModel.swift */,
				152 /* NewsViewModel.swift */,
			);
			path = ViewModels;
			sourceTree = "<group>";
		};
		306 /* Views */ = {
			isa = PBXGroup;
			children = (
				311 /* Components */,
				308 /* Home */,
				309 /* Bookings */,
				312 /* News */,
				310 /* Profile */,
			);
			path = Views;
			sourceTree = "<group>";
		};
		312 /* News */ = {
			isa = PBXGroup;
			children = (
				153 /* NewsView.swift */,
			);
			path = News;
			sourceTree = "<group>";
		};
		307 /* Resources */ = {
			isa = PBXGroup;
			children = (
				116 /* Assets.xcassets */,
				119 /* LaunchScreen.storyboard */,
				120 /* Localizable.xcstrings */,
			);
			path = Resources;
			sourceTree = "<group>";
		};
		308 /* Home */ = {
			isa = PBXGroup;
			children = (
				111 /* HomeView.swift */,
				112 /* ServiceDetailView.swift */,
				113 /* BookingCreationView.swift */,
			);
			path = Home;
			sourceTree = "<group>";
		};
		309 /* Bookings */ = {
			isa = PBXGroup;
			children = (
				114 /* BookingsView.swift */,
				150 /* ActPDFView.swift */,
				142 /* ServiceExecutionView.swift */,
				144 /* ServiceExecutionLiveActivityView.swift */,
			);
			path = Bookings;
			sourceTree = "<group>";
		};
		310 /* Profile */ = {
			isa = PBXGroup;
			children = (
				115 /* ProfileView.swift */,
				157 /* PhoneRequiredView.swift */,
				135 /* ServiceChatView.swift */,
				137 /* HelpFAQView.swift */,
				138 /* PrivacyPolicyView.swift */,
				155 /* CompanyView.swift */,
				156 /* LegalInfoView.swift */,
				139 /* TermsOfUseView.swift */,
				140 /* MyContactsView.swift */,
				141 /* LoyaltySystemView.swift */,
				148 /* ThemeSettingsView.swift */,
			);
			path = Profile;
			sourceTree = "<group>";
		};
		311 /* Components */ = {
			isa = PBXGroup;
			children = (
				117 /* NetworkStatusView.swift */,
				118 /* AccessibilityModifiers.swift */,
				123 /* SplashView.swift */,
				124 /* AppTheme.swift */,
				127 /* QRScannerView.swift */,
				128 /* QRScanOnboardingView.swift */,
			);
			path = Components;
			sourceTree = "<group>";
		};
		W15 /* ServiceBookingWidget */ = {
			isa = PBXGroup;
			children = (
				W11 /* ServiceBookingWidgetBundle.swift */,
				W12 /* ServiceExecutionLiveActivity.swift */,
				W13 /* ServiceExecutionAttributes.swift */,
				W14 /* Info.plist */,
			);
			path = ServiceBookingWidget;
			sourceTree = "<group>";
		};
/* End PBXGroup section */

/* Begin PBXNativeTarget section */
		400 /* ServiceBooking */ = {
			isa = PBXNativeTarget;
			buildConfigurationList = 500 /* Build configuration list for PBXNativeTarget "ServiceBooking" */;
			buildPhases = (
				401 /* Sources */,
				200 /* Frameworks */,
				402 /* Resources */,
				W21 /* Embed App Extensions */,
			);
			buildRules = (
			);
			dependencies = (
				W22 /* PBXTargetDependency */,
			);
			name = ServiceBooking;
			productName = ServiceBooking;
			productReference = 100 /* ServiceBooking.app */;
			productType = "com.apple.product-type.application";
		};
		W30 /* ServiceBookingWidget */ = {
			isa = PBXNativeTarget;
			buildConfigurationList = W50 /* Build configuration list for PBXNativeTarget "ServiceBookingWidget" */;
			buildPhases = (
				W32 /* Sources */,
				W31 /* Frameworks */,
			);
			buildRules = (
			);
			dependencies = (
			);
			name = ServiceBookingWidget;
			productName = ServiceBookingWidget;
			productReference = W10 /* ServiceBookingWidget.appex */;
			productType = "com.apple.product-type.app-extension";
		};
/* End PBXNativeTarget section */

/* Begin PBXProject section */
		600 /* Project object */ = {
			isa = PBXProject;
			attributes = {
				BuildIndependentTargetsInParallel = 1;
				LastSwiftUpdateCheck = 1500;
				LastUpgradeCheck = 1500;
				TargetAttributes = {
					400 = {
						CreatedOnToolsVersion = 15.0;
					};
					W30 = {
						CreatedOnToolsVersion = 15.0;
					};
				};
			};
			buildConfigurationList = 601 /* Build configuration list for PBXProject "ServiceBooking" */;
			compatibilityVersion = "Xcode 14.0";
			developmentRegion = ru;
			hasScannedForEncodings = 0;
			knownRegions = (
				en,
				ru,
				Base,
			);
			mainGroup = 300;
			productRefGroup = 302 /* Products */;
			projectDirPath = "";
			projectRoot = "";
			targets = (
				400 /* ServiceBooking */,
				W30 /* ServiceBookingWidget */,
			);
		};
/* End PBXProject section */

/* Begin PBXResourcesBuildPhase section */
		402 /* Resources */ = {
			isa = PBXResourcesBuildPhase;
			buildActionMask = 2147483647;
			files = (
				016 /* Assets.xcassets in Resources */,
				019 /* LaunchScreen.storyboard in Resources */,
				020 /* Localizable.xcstrings in Resources */,
				021 /* PrivacyInfo.xcprivacy in Resources */,
			);
			runOnlyForDeploymentPostprocessing = 0;
		};
/* End PBXResourcesBuildPhase section */

/* Begin PBXSourcesBuildPhase section */
		401 /* Sources */ = {
			isa = PBXSourcesBuildPhase;
			buildActionMask = 2147483647;
			files = (
				001 /* ServiceBookingApp.swift in Sources */,
				002 /* ContentView.swift in Sources */,
				003 /* Service.swift in Sources */,
				004 /* Booking.swift in Sources */,
				033 /* Car.swift in Sources */,
				005 /* User.swift in Sources */,
				006 /* APIService.swift in Sources */,
				007 /* NetworkMonitor.swift in Sources */,
				008 /* ServicesViewModel.swift in Sources */,
				009 /* BookingsViewModel.swift in Sources */,
				010 /* ProfileViewModel.swift in Sources */,
				011 /* HomeView.swift in Sources */,
				012 /* ServiceDetailView.swift in Sources */,
				013 /* BookingCreationView.swift in Sources */,
				014 /* BookingsView.swift in Sources */,
				015 /* ProfileView.swift in Sources */,
				017 /* NetworkStatusView.swift in Sources */,
				018 /* AccessibilityModifiers.swift in Sources */,
				022 /* SplashView.swift in Sources */,
				023 /* AppTheme.swift in Sources */,
				024 /* ConsoleConfig.swift in Sources */,
				025 /* QRCodeParser.swift in Sources */,
				026 /* QRScannerView.swift in Sources */,
				027 /* QRScanOnboardingView.swift in Sources */,
				029 /* AppRouter.swift in Sources */,
				030 /* ClientRegistry.swift in Sources */,
				031 /* KeychainStorage.swift in Sources */,
				032 /* Post.swift in Sources */,
				034 /* ServiceChatMessage.swift in Sources */,
				035 /* ServiceChatView.swift in Sources */,
				036 /* ProfileSettings.swift in Sources */,
				037 /* HelpFAQView.swift in Sources */,
				038 /* PrivacyPolicyView.swift in Sources */,
				039 /* TermsOfUseView.swift in Sources */,
				040 /* MyContactsView.swift in Sources */,
				041 /* LoyaltySystemView.swift in Sources */,
				042 /* ServiceExecutionView.swift in Sources */,
				043 /* ServiceExecutionActivity.swift in Sources */,
				044 /* ServiceExecutionLiveActivityView.swift in Sources */,
				045 /* MessagesViewModel.swift in Sources */,
				046 /* AppStyle.swift in Sources */,
				047 /* AppStyleManager.swift in Sources */,
				048 /* ThemeSettingsView.swift in Sources */,
				049 /* ActPDFView.swift in Sources */,
				050 /* NewsItem.swift in Sources */,
				051 /* NewsViewModel.swift in Sources */,
				052 /* NewsView.swift in Sources */,
				053 /* CompanyInfo.swift in Sources */,
				054 /* CompanyView.swift in Sources */,
				055 /* LegalInfoView.swift in Sources */,
				056 /* PhoneRequiredView.swift in Sources */,
			);
			runOnlyForDeploymentPostprocessing = 0;
		};
		W32 /* Sources */ = {
			isa = PBXSourcesBuildPhase;
			buildActionMask = 2147483647;
			files = (
				W01 /* ServiceBookingWidgetBundle.swift in Sources */,
				W02 /* ServiceExecutionLiveActivity.swift in Sources */,
				W03 /* ServiceExecutionAttributes.swift in Sources */,
			);
			runOnlyForDeploymentPostprocessing = 0;
		};
/* End PBXSourcesBuildPhase section */

/* Begin PBXTargetDependency section */
		W22 /* PBXTargetDependency */ = {
			isa = PBXTargetDependency;
			target = W30 /* ServiceBookingWidget */;
			targetProxy = W20 /* PBXContainerItemProxy */;
		};
/* End PBXTargetDependency section */

/* Begin XCBuildConfiguration section */
		700 /* Debug */ = {
			isa = XCBuildConfiguration;
			buildSettings = {
				ALWAYS_SEARCH_USER_PATHS = NO;
				ASSETCATALOG_COMPILER_GENERATE_SWIFT_ASSET_SYMBOL_EXTENSIONS = YES;
				CLANG_ANALYZER_NONNULL = YES;
				CLANG_ANALYZER_NUMBER_OBJECT_CONVERSION = YES_AGGRESSIVE;
				CLANG_CXX_LANGUAGE_STANDARD = "gnu++20";
				CLANG_ENABLE_MODULES = YES;
				CLANG_ENABLE_OBJC_ARC = YES;
				CLANG_ENABLE_OBJC_WEAK = YES;
				CLANG_WARN_BLOCK_CAPTURE_AUTORELEASING = YES;
				CLANG_WARN_BOOL_CONVERSION = YES;
				CLANG_WARN_COMMA = YES;
				CLANG_WARN_CONSTANT_CONVERSION = YES;
				CLANG_WARN_DEPRECATED_OBJC_IMPLEMENTATIONS = YES;
				CLANG_WARN_DIRECT_OBJC_ISA_USAGE = YES_ERROR;
				CLANG_WARN_DOCUMENTATION_COMMENTS = YES;
				CLANG_WARN_EMPTY_BODY = YES;
				CLANG_WARN_ENUM_CONVERSION = YES;
				CLANG_WARN_INFINITE_RECURSION = YES;
				CLANG_WARN_INT_CONVERSION = YES;
				CLANG_WARN_NON_LITERAL_NULL_CONVERSION = YES;
				CLANG_WARN_OBJC_IMPLICIT_RETAIN_SELF = YES;
				CLANG_WARN_OBJC_LITERAL_CONVERSION = YES;
				CLANG_WARN_OBJC_ROOT_CLASS = YES_ERROR;
				CLANG_WARN_QUOTED_INCLUDE_IN_FRAMEWORK_HEADER = YES;
				CLANG_WARN_RANGE_LOOP_ANALYSIS = YES;
				CLANG_WARN_STRICT_PROTOTYPES = YES;
				CLANG_WARN_SUSPICIOUS_MOVE = YES;
				CLANG_WARN_UNGUARDED_AVAILABILITY = YES_AGGRESSIVE;
				CLANG_WARN_UNREACHABLE_CODE = YES;
				CLANG_WARN__DUPLICATE_METHOD_MATCH = YES;
				COPY_PHASE_STRIP = NO;
				DEBUG_INFORMATION_FORMAT = dwarf;
				ENABLE_STRICT_OBJC_MSGSEND = YES;
				ENABLE_TESTABILITY = YES;
				ENABLE_USER_SCRIPT_SANDBOXING = YES;
				GCC_C_LANGUAGE_STANDARD = gnu17;
				GCC_DYNAMIC_NO_PIC = NO;
				GCC_NO_COMMON_BLOCKS = YES;
				GCC_OPTIMIZATION_LEVEL = 0;
				GCC_PREPROCESSOR_DEFINITIONS = (
					"DEBUG=1",
					"$(inherited)",
				);
				GCC_WARN_64_TO_32_BIT_CONVERSION = YES;
				GCC_WARN_ABOUT_RETURN_TYPE = YES_ERROR;
				GCC_WARN_UNDECLARED_SELECTOR = YES;
				GCC_WARN_UNINITIALIZED_AUTOS = YES_AGGRESSIVE;
				GCC_WARN_UNUSED_FUNCTION = YES;
				GCC_WARN_UNUSED_VARIABLE = YES;
				IPHONEOS_DEPLOYMENT_TARGET = 17.0;
				LOCALIZATION_PREFERS_STRING_CATALOGS = YES;
				MTL_ENABLE_DEBUG_INFO = INCLUDE_SOURCE;
				MTL_FAST_MATH = YES;
				ONLY_ACTIVE_ARCH = YES;
				SDKROOT = iphoneos;
				SWIFT_ACTIVE_COMPILATION_CONDITIONS = "DEBUG $(inherited)";
				SWIFT_OPTIMIZATION_LEVEL = "-Onone";
			};
			name = Debug;
		};
		701 /* Release */ = {
			isa = XCBuildConfiguration;
			buildSettings = {
				ALWAYS_SEARCH_USER_PATHS = NO;
				ASSETCATALOG_COMPILER_GENERATE_SWIFT_ASSET_SYMBOL_EXTENSIONS = YES;
				CLANG_ANALYZER_NONNULL = YES;
				CLANG_ANALYZER_NUMBER_OBJECT_CONVERSION = YES_AGGRESSIVE;
				CLANG_CXX_LANGUAGE_STANDARD = "gnu++20";
				CLANG_ENABLE_MODULES = YES;
				CLANG_ENABLE_OBJC_ARC = YES;
				CLANG_ENABLE_OBJC_WEAK = YES;
				CLANG_WARN_BLOCK_CAPTURE_AUTORELEASING = YES;
				CLANG_WARN_BOOL_CONVERSION = YES;
				CLANG_WARN_COMMA = YES;
				CLANG_WARN_CONSTANT_CONVERSION = YES;
				CLANG_WARN_DEPRECATED_OBJC_IMPLEMENTATIONS = YES;
				CLANG_WARN_DIRECT_OBJC_ISA_USAGE = YES_ERROR;
				CLANG_WARN_DOCUMENTATION_COMMENTS = YES;
				CLANG_WARN_EMPTY_BODY = YES;
				CLANG_WARN_ENUM_CONVERSION = YES;
				CLANG_WARN_INFINITE_RECURSION = YES;
				CLANG_WARN_INT_CONVERSION = YES;
				CLANG_WARN_NON_LITERAL_NULL_CONVERSION = YES;
				CLANG_WARN_OBJC_IMPLICIT_RETAIN_SELF = YES;
				CLANG_WARN_OBJC_LITERAL_CONVERSION = YES;
				CLANG_WARN_OBJC_ROOT_CLASS = YES_ERROR;
				CLANG_WARN_QUOTED_INCLUDE_IN_FRAMEWORK_HEADER = YES;
				CLANG_WARN_RANGE_LOOP_ANALYSIS = YES;
				CLANG_WARN_STRICT_PROTOTYPES = YES;
				CLANG_WARN_SUSPICIOUS_MOVE = YES;
				CLANG_WARN_UNGUARDED_AVAILABILITY = YES_AGGRESSIVE;
				CLANG_WARN_UNREACHABLE_CODE = YES;
				CLANG_WARN__DUPLICATE_METHOD_MATCH = YES;
				COPY_PHASE_STRIP = NO;
				DEBUG_INFORMATION_FORMAT = "dwarf-with-dsym";
				ENABLE_NS_ASSERTIONS = NO;
				ENABLE_STRICT_OBJC_MSGSEND = YES;
				ENABLE_USER_SCRIPT_SANDBOXING = YES;
				GCC_C_LANGUAGE_STANDARD = gnu17;
				GCC_NO_COMMON_BLOCKS = YES;
				GCC_WARN_64_TO_32_BIT_CONVERSION = YES;
				GCC_WARN_ABOUT_RETURN_TYPE = YES_ERROR;
				GCC_WARN_UNDECLARED_SELECTOR = YES;
				GCC_WARN_UNINITIALIZED_AUTOS = YES_AGGRESSIVE;
				GCC_WARN_UNUSED_FUNCTION = YES;
				GCC_WARN_UNUSED_VARIABLE = YES;
				IPHONEOS_DEPLOYMENT_TARGET = 17.0;
				LOCALIZATION_PREFERS_STRING_CATALOGS = YES;
				MTL_ENABLE_DEBUG_INFO = NO;
				MTL_FAST_MATH = YES;
				SDKROOT = iphoneos;
				SWIFT_COMPILATION_MODE = wholemodule;
				VALIDATE_PRODUCT = YES;
			};
			name = Release;
		};
		702 /* Debug */ = {
			isa = XCBuildConfiguration;
			buildSettings = {
				ASSETCATALOG_COMPILER_APPICON_NAME = AppIcon;
				ASSETCATALOG_COMPILER_GLOBAL_ACCENT_COLOR_NAME = AccentColor;
				CODE_SIGN_STYLE = Automatic;
				CURRENT_PROJECT_VERSION = 1;
				DEVELOPMENT_ASSET_PATHS = "";
				DEVELOPMENT_TEAM = M7434XB3SP;
				ENABLE_PREVIEWS = YES;
				GENERATE_INFOPLIST_FILE = YES;
				INFOPLIST_FILE = ServiceBooking/Info.plist;
				INFOPLIST_KEY_CFBundleDisplayName = "Service Booking";
				INFOPLIST_KEY_LSApplicationCategoryType = "public.app-category.lifestyle";
				INFOPLIST_KEY_UIApplicationSceneManifest_Generation = YES;
				INFOPLIST_KEY_UIApplicationSupportsIndirectInputEvents = YES;
				INFOPLIST_KEY_UILaunchStoryboardName = LaunchScreen;
				INFOPLIST_KEY_UISupportedInterfaceOrientations = UIInterfaceOrientationPortrait;
				INFOPLIST_KEY_UISupportedInterfaceOrientations_iPad = "UIInterfaceOrientationPortrait UIInterfaceOrientationPortraitUpsideDown UIInterfaceOrientationLandscapeLeft UIInterfaceOrientationLandscapeRight";
				LD_RUNPATH_SEARCH_PATHS = (
					"$(inherited)",
					"@executable_path/Frameworks",
				);
				MARKETING_VERSION = 1.0.0;
				PRODUCT_BUNDLE_IDENTIFIER = com.servicebooking.app;
				PRODUCT_NAME = "$(TARGET_NAME)";
				SUPPORTED_PLATFORMS = "iphoneos iphonesimulator";
				SUPPORTS_MACCATALYST = NO;
				SWIFT_EMIT_LOC_STRINGS = YES;
				SWIFT_VERSION = 5.0;
				TARGETED_DEVICE_FAMILY = "1,2";
			};
			name = Debug;
		};
		703 /* Release */ = {
			isa = XCBuildConfiguration;
			buildSettings = {
				ASSETCATALOG_COMPILER_APPICON_NAME = AppIcon;
				ASSETCATALOG_COMPILER_GLOBAL_ACCENT_COLOR_NAME = AccentColor;
				CODE_SIGN_STYLE = Automatic;
				CURRENT_PROJECT_VERSION = 1;
				DEVELOPMENT_ASSET_PATHS = "";
				DEVELOPMENT_TEAM = M7434XB3SP;
				ENABLE_PREVIEWS = YES;
				GENERATE_INFOPLIST_FILE = YES;
				INFOPLIST_FILE = ServiceBooking/Info.plist;
				INFOPLIST_KEY_CFBundleDisplayName = "Service Booking";
				INFOPLIST_KEY_LSApplicationCategoryType = "public.app-category.lifestyle";
				INFOPLIST_KEY_UIApplicationSceneManifest_Generation = YES;
				INFOPLIST_KEY_UIApplicationSupportsIndirectInputEvents = YES;
				INFOPLIST_KEY_UILaunchStoryboardName = LaunchScreen;
				INFOPLIST_KEY_UISupportedInterfaceOrientations = UIInterfaceOrientationPortrait;
				INFOPLIST_KEY_UISupportedInterfaceOrientations_iPad = "UIInterfaceOrientationPortrait UIInterfaceOrientationPortraitUpsideDown UIInterfaceOrientationLandscapeLeft UIInterfaceOrientationLandscapeRight";
				LD_RUNPATH_SEARCH_PATHS = (
					"$(inherited)",
					"@executable_path/Frameworks",
				);
				MARKETING_VERSION = 1.0.0;
				PRODUCT_BUNDLE_IDENTIFIER = com.servicebooking.app;
				PRODUCT_NAME = "$(TARGET_NAME)";
				SUPPORTED_PLATFORMS = "iphoneos iphonesimulator";
				SUPPORTS_MACCATALYST = NO;
				SWIFT_EMIT_LOC_STRINGS = YES;
				SWIFT_VERSION = 5.0;
				TARGETED_DEVICE_FAMILY = "1,2";
			};
			name = Release;
		};
		W51 /* Debug */ = {
			isa = XCBuildConfiguration;
			buildSettings = {
				ASSETCATALOG_COMPILER_GLOBAL_ACCENT_COLOR_NAME = AccentColor;
				ASSETCATALOG_COMPILER_WIDGET_BACKGROUND_COLOR_NAME = WidgetBackground;
				CODE_SIGN_STYLE = Automatic;
				CURRENT_PROJECT_VERSION = 1;
				DEVELOPMENT_TEAM = M7434XB3SP;
				GENERATE_INFOPLIST_FILE = YES;
				INFOPLIST_FILE = ServiceBookingWidget/Info.plist;
				INFOPLIST_KEY_CFBundleDisplayName = "ServiceBooking Widget";
				INFOPLIST_KEY_NSHumanReadableCopyright = "";
				LD_RUNPATH_SEARCH_PATHS = (
					"$(inherited)",
					"@executable_path/Frameworks",
					"@executable_path/../../Frameworks",
				);
				MARKETING_VERSION = 1.0.0;
				PRODUCT_BUNDLE_IDENTIFIER = com.servicebooking.app.widget;
				PRODUCT_NAME = "$(TARGET_NAME)";
				SKIP_INSTALL = YES;
				SWIFT_EMIT_LOC_STRINGS = YES;
				SWIFT_VERSION = 5.0;
				TARGETED_DEVICE_FAMILY = "1,2";
			};
			name = Debug;
		};
		W52 /* Release */ = {
			isa = XCBuildConfiguration;
			buildSettings = {
				ASSETCATALOG_COMPILER_GLOBAL_ACCENT_COLOR_NAME = AccentColor;
				ASSETCATALOG_COMPILER_WIDGET_BACKGROUND_COLOR_NAME = WidgetBackground;
				CODE_SIGN_STYLE = Automatic;
				CURRENT_PROJECT_VERSION = 1;
				DEVELOPMENT_TEAM = M7434XB3SP;
				GENERATE_INFOPLIST_FILE = YES;
				INFOPLIST_FILE = ServiceBookingWidget/Info.plist;
				INFOPLIST_KEY_CFBundleDisplayName = "ServiceBooking Widget";
				INFOPLIST_KEY_NSHumanReadableCopyright = "";
				LD_RUNPATH_SEARCH_PATHS = (
					"$(inherited)",
					"@executable_path/Frameworks",
					"@executable_path/../../Frameworks",
				);
				MARKETING_VERSION = 1.0.0;
				PRODUCT_BUNDLE_IDENTIFIER = com.servicebooking.app.widget;
				PRODUCT_NAME = "$(TARGET_NAME)";
				SKIP_INSTALL = YES;
				SWIFT_EMIT_LOC_STRINGS = YES;
				SWIFT_VERSION = 5.0;
				TARGETED_DEVICE_FAMILY = "1,2";
			};
			name = Release;
		};
/* End XCBuildConfiguration section */

/* Begin XCConfigurationList section */
		500 /* Build configuration list for PBXNativeTarget "ServiceBooking" */ = {
			isa = XCConfigurationList;
			buildConfigurations = (
				702 /* Debug */,
				703 /* Release */,
			);
			defaultConfigurationIsVisible = 0;
			defaultConfigurationName = Release;
		};
		601 /* Build configuration list for PBXProject "ServiceBooking" */ = {
			isa = XCConfigurationList;
			buildConfigurations = (
				700 /* Debug */,
				701 /* Release */,
			);
			defaultConfigurationIsVisible = 0;
			defaultConfigurationName = Release;
		};
		W50 /* Build configuration list for PBXNativeTarget "ServiceBookingWidget" */ = {
			isa = XCConfigurationList;
			buildConfigurations = (
				W51 /* Debug */,
				W52 /* Release */,
			);
			defaultConfigurationIsVisible = 0;
			defaultConfigurationName = Release;
		};
/* End XCConfigurationList section */
	};
	rootObject = 600 /* Project object */;
}
